
Microsoft Visual Studio Solution File, Format Version 12.00
# Visual Studio Version 17
VisualStudioVersion = 17.14.36603.0
MinimumVisualStudioVersion = 10.0.40219.1
Project("{2150E333-8FDC-42A3-9474-1A3956D46DE8}") = "Microservices", "Microservices", "{36D591C7-65C7-A0D1-1CBC-10CDE441BDC8}"
EndProject
Project("{2150E333-8FDC-42A3-9474-1A3956D46DE8}") = "Shared", "Shared", "{3320FC6B-3635-40DC-A1ED-E503F1592D46}"
EndProject
Project("{FAE04EC0-301F-11D3-BF4B-00C04F79EFBC}") = "Domain", "Domain\Domain.csproj", "{ED60480A-8918-485E-BDEC-1F39C56ACE60}"
EndProject
Project("{FAE04EC0-301F-11D3-BF4B-00C04F79EFBC}") = "Database", "Database\Database.csproj", "{661796CD-6255-4FD2-ACF3-90182BF7C629}"
EndProject
Project("{FAE04EC0-301F-11D3-BF4B-00C04F79EFBC}") = "ApiGateway", "ApiGateway\ApiGateway.csproj", "{446AA23E-C494-426D-9260-B863BAEF0041}"
EndProject
Project("{FAE04EC0-301F-11D3-BF4B-00C04F79EFBC}") = "Middlewares", "Middlewares\Middlewares.csproj", "{5D4A9802-ACB3-4240-B25E-A12AA6D677DF}"
EndProject
Project("{FAE04EC0-301F-11D3-BF4B-00C04F79EFBC}") = "AuthentificationService", "AuthentificationService\AuthentificationService.csproj", "{DCC96B6A-B121-4940-86C4-3FDF6A84B138}"
EndProject
Project("{FAE04EC0-301F-11D3-BF4B-00C04F79EFBC}") = "Services", "Services\Services.csproj", "{3CAEEE70-25D2-438D-88C7-9A7D07DE50C5}"
EndProject
Project("{2150E333-8FDC-42A3-9474-1A3956D46DE8}") = "Abstractions", "Abstractions", "{AED22073-DAC0-43C4-BCA9-3F6456B551AC}"
EndProject
Project("{FAE04EC0-301F-11D3-BF4B-00C04F79EFBC}") = "Interfaces", "Interfaces\Interfaces.csproj", "{AF068B02-27BA-48A5-BB35-A79BECC31A4E}"
EndProject
Project("{FAE04EC0-301F-11D3-BF4B-00C04F79EFBC}") = "DTOs", "DTOs\DTOs.csproj", "{5758AB67-DAF4-4473-911B-0463AC1FCE2D}"
EndProject
Project("{FAE04EC0-301F-11D3-BF4B-00C04F79EFBC}") = "CoreService", "CoreService\CoreService.csproj", "{DE147FC0-95F7-40A6-BDED-B150E43E1715}"
EndProject
Global
	GlobalSection(SolutionConfigurationPlatforms) = preSolution
		Debug|Any CPU = Debug|Any CPU
		Release|Any CPU = Release|Any CPU
	EndGlobalSection
	GlobalSection(ProjectConfigurationPlatforms) = postSolution
		{ED60480A-8918-485E-BDEC-1F39C56ACE60}.Debug|Any CPU.ActiveCfg = Debug|Any CPU
		{ED60480A-8918-485E-BDEC-1F39C56ACE60}.Debug|Any CPU.Build.0 = Debug|Any CPU
		{ED60480A-8918-485E-BDEC-1F39C56ACE60}.Release|Any CPU.ActiveCfg = Release|Any CPU
		{ED60480A-8918-485E-BDEC-1F39C56ACE60}.Release|Any CPU.Build.0 = Release|Any CPU
		{661796CD-6255-4FD2-ACF3-90182BF7C629}.Debug|Any CPU.ActiveCfg = Debug|Any CPU
		{661796CD-6255-4FD2-ACF3-90182BF7C629}.Debug|Any CPU.Build.0 = Debug|Any CPU
		{661796CD-6255-4FD2-ACF3-90182BF7C629}.Release|Any CPU.ActiveCfg = Release|Any CPU
		{661796CD-6255-4FD2-ACF3-90182BF7C629}.Release|Any CPU.Build.0 = Release|Any CPU
		{446AA23E-C494-426D-9260-B863BAEF0041}.Debug|Any CPU.ActiveCfg = Debug|Any CPU
		{446AA23E-C494-426D-9260-B863BAEF0041}.Debug|Any CPU.Build.0 = Debug|Any CPU
		{446AA23E-C494-426D-9260-B863BAEF0041}.Release|Any CPU.ActiveCfg = Release|Any CPU
		{446AA23E-C494-426D-9260-B863BAEF0041}.Release|Any CPU.Build.0 = Release|Any CPU
		{5D4A9802-ACB3-4240-B25E-A12AA6D677DF}.Debug|Any CPU.ActiveCfg = Debug|Any CPU
		{5D4A9802-ACB3-4240-B25E-A12AA6D677DF}.Debug|Any CPU.Build.0 = Debug|Any CPU
		{5D4A9802-ACB3-4240-B25E-A12AA6D677DF}.Release|Any CPU.ActiveCfg = Release|Any CPU
		{5D4A9802-ACB3-4240-B25E-A12AA6D677DF}.Release|Any CPU.Build.0 = Release|Any CPU
		{DCC96B6A-B121-4940-86C4-3FDF6A84B138}.Debug|Any CPU.ActiveCfg = Debug|Any CPU
		{DCC96B6A-B121-4940-86C4-3FDF6A84B138}.Debug|Any CPU.Build.0 = Debug|Any CPU
		{DCC96B6A-B121-4940-86C4-3FDF6A84B138}.Release|Any CPU.ActiveCfg = Release|Any CPU
		{DCC96B6A-B121-4940-86C4-3FDF6A84B138}.Release|Any CPU.Build.0 = Release|Any CPU
		{3CAEEE70-25D2-438D-88C7-9A7D07DE50C5}.Debug|Any CPU.ActiveCfg = Debug|Any CPU
		{3CAEEE70-25D2-438D-88C7-9A7D07DE50C5}.Debug|Any CPU.Build.0 = Debug|Any CPU
		{3CAEEE70-25D2-438D-88C7-9A7D07DE50C5}.Release|Any CPU.ActiveCfg = Release|Any CPU
		{3CAEEE70-25D2-438D-88C7-9A7D07DE50C5}.Release|Any CPU.Build.0 = Release|Any CPU
		{AF068B02-27BA-48A5-BB35-A79BECC31A4E}.Debug|Any CPU.ActiveCfg = Debug|Any CPU
		{AF068B02-27BA-48A5-BB35-A79BECC31A4E}.Debug|Any CPU.Build.0 = Debug|Any CPU
		{AF068B02-27BA-48A5-BB35-A79BECC31A4E}.Release|Any CPU.ActiveCfg = Release|Any CPU
		{AF068B02-27BA-48A5-BB35-A79BECC31A4E}.Release|Any CPU.Build.0 = Release|Any CPU
		{5758AB67-DAF4-4473-911B-0463AC1FCE2D}.Debug|Any CPU.ActiveCfg = Debug|Any CPU
		{5758AB67-DAF4-4473-911B-0463AC1FCE2D}.Debug|Any CPU.Build.0 = Debug|Any CPU
		{5758AB67-DAF4-4473-911B-0463AC1FCE2D}.Release|Any CPU.ActiveCfg = Release|Any CPU
		{5758AB67-DAF4-4473-911B-0463AC1FCE2D}.Release|Any CPU.Build.0 = Release|Any CPU
		{DE147FC0-95F7-40A6-BDED-B150E43E1715}.Debug|Any CPU.ActiveCfg = Debug|Any CPU
		{DE147FC0-95F7-40A6-BDED-B150E43E1715}.Debug|Any CPU.Build.0 = Debug|Any CPU
		{DE147FC0-95F7-40A6-BDED-B150E43E1715}.Release|Any CPU.ActiveCfg = Release|Any CPU
		{DE147FC0-95F7-40A6-BDED-B150E43E1715}.Release|Any CPU.Build.0 = Release|Any CPU
	EndGlobalSection
	GlobalSection(SolutionProperties) = preSolution
		HideSolutionNode = FALSE
	EndGlobalSection
	GlobalSection(NestedProjects) = preSolution
		{ED60480A-8918-485E-BDEC-1F39C56ACE60} = {3320FC6B-3635-40DC-A1ED-E503F1592D46}
		{661796CD-6255-4FD2-ACF3-90182BF7C629} = {3320FC6B-3635-40DC-A1ED-E503F1592D46}
		{5D4A9802-ACB3-4240-B25E-A12AA6D677DF} = {3320FC6B-3635-40DC-A1ED-E503F1592D46}
		{DCC96B6A-B121-4940-86C4-3FDF6A84B138} = {36D591C7-65C7-A0D1-1CBC-10CDE441BDC8}
		{3CAEEE70-25D2-438D-88C7-9A7D07DE50C5} = {3320FC6B-3635-40DC-A1ED-E503F1592D46}
		{AED22073-DAC0-43C4-BCA9-3F6456B551AC} = {3320FC6B-3635-40DC-A1ED-E503F1592D46}
		{AF068B02-27BA-48A5-BB35-A79BECC31A4E} = {AED22073-DAC0-43C4-BCA9-3F6456B551AC}
		{5758AB67-DAF4-4473-911B-0463AC1FCE2D} = {3320FC6B-3635-40DC-A1ED-E503F1592D46}
		{DE147FC0-95F7-40A6-BDED-B150E43E1715} = {36D591C7-65C7-A0D1-1CBC-10CDE441BDC8}
	EndGlobalSection
	GlobalSection(ExtensibilityGlobals) = postSolution
		SolutionGuid = {C65C7C70-FB4C-4709-85ED-78A5E2C24CF8}
	EndGlobalSection
EndGlobal
